// !$*UTF8*$!
{
	archiveVersion = 1;
	classes = {
	};
	objectVersion = 77;
	objects = {

/* Begin PBXBuildFile section */
		0406D042B8164EA2B18986C1 /* WindowBackgroundConfigurator.swift in Sources */ = {isa = PBXBuildFile; fileRef = 49393474CCC34E2091E176A1 /* WindowBackgroundConfigurator.swift */; };
		7C360D572F191F17007313D3 /* AppState.swift in Sources */ = {isa = PBXBuildFile; fileRef = 7C360D502F191F17007313D3 /* AppState.swift */; };
		7C360D582F191F17007313D3 /* CountdownTimerEngine.swift in Sources */ = {isa = PBXBuildFile; fileRef = 7C360D512F191F17007313D3 /* CountdownTimerEngine.swift */; };
		7C360D592F191F17007313D3 /* PomodoroTimerEngine.swift in Sources */ = {isa = PBXBuildFile; fileRef = 7C360D522F191F17007313D3 /* PomodoroTimerEngine.swift */; };
		7C360D5A2F191F17007313D3 /* ContentView.swift in Sources */ = {isa = PBXBuildFile; fileRef = 7C360D532F191F17007313D3 /* ContentView.swift */; };
		7C360D5B2F191F17007313D3 /* MainWindowView.swift in Sources */ = {isa = PBXBuildFile; fileRef = 7C360D542F191F17007313D3 /* MainWindowView.swift */; };
		7C360D5C2F191F17007313D3 /* PomodoroApp.swift in Sources */ = {isa = PBXBuildFile; fileRef = 7C360D552F191F17007313D3 /* PomodoroApp.swift */; };
		7C360D5D2F191F17007313D3 /* Assets.xcassets in Resources */ = {isa = PBXBuildFile; fileRef = 7C360D562F191F17007313D3 /* Assets.xcassets */; };
		7C360D6A2F191F17007313D3 /* MenuBarController.swift in Sources */ = {isa = PBXBuildFile; fileRef = 7C360D692F191F17007313D3 /* MenuBarController.swift */; };
		7C360D6B2F191F17007313D3 /* AppDelegate.swift in Sources */ = {isa = PBXBuildFile; fileRef = 7C360D6C2F191F17007313D3 /* AppDelegate.swift */; };
		7C360D6D2F191F17007313D3 /* DurationConfig.swift in Sources */ = {isa = PBXBuildFile; fileRef = 7C360D6E2F191F17007313D3 /* DurationConfig.swift */; };
		7C360D6F2F191F17007313D3 /* TimerState.swift in Sources */ = {isa = PBXBuildFile; fileRef = 7C360D702F191F17007313D3 /* TimerState.swift */; };
		7C360D712F191F17007313D3 /* Preset.swift in Sources */ = {isa = PBXBuildFile; fileRef = 7C360D722F191F17007313D3 /* Preset.swift */; };
		7C360D732F191F17007313D3 /* PresetSelection.swift in Sources */ = {isa = PBXBuildFile; fileRef = 7C360D742F191F17007313D3 /* PresetSelection.swift */; };
		7C360D752F191F17007313D3 /* NotificationPreference.swift in Sources */ = {isa = PBXBuildFile; fileRef = 7C360D762F191F17007313D3 /* NotificationPreference.swift */; };
		7C360D902F191F17007313D3 /* MusicController.swift in Sources */ = {isa = PBXBuildFile; fileRef = 7C360D962F191F17007313D3 /* MusicController.swift */; };
		7C360D912F191F17007313D3 /* SystemMediaController.swift in Sources */ = {isa = PBXBuildFile; fileRef = 7C360D972F191F17007313D3 /* SystemMediaController.swift */; };
		7C360D922F191F17007313D3 /* MusicPanelView.swift in Sources */ = {isa = PBXBuildFile; fileRef = 7C360D982F191F17007313D3 /* MusicPanelView.swift */; };
		815B35241A15471083A7F5C2 /* VisualEffectBlur.swift in Sources */ = {isa = PBXBuildFile; fileRef = 36B4A1D0B6904D3B9A1E8353 /* VisualEffectBlur.swift */; };
		AB9F279C180740EE9216C649 /* MediaControlBar.swift in Sources */ = {isa = PBXBuildFile; fileRef = ABFA2AD704BE4758B0A786D8 /* MediaControlBar.swift */; };
		B6A200102FFD4BD7B90F8AC1 /* NowPlayingRouter.swift in Sources */ = {isa = PBXBuildFile; fileRef = B6A200022FFD4BD7B90F8AC1 /* NowPlayingRouter.swift */; };
		B6A200112FFD4BD7B90F8AC1 /* NowPlayingProvider.swift in Sources */ = {isa = PBXBuildFile; fileRef = B6A200032FFD4BD7B90F8AC1 /* NowPlayingProvider.swift */; };
		B6A200122FFD4BD7B90F8AC1 /* AppleMusicProvider.swift in Sources */ = {isa = PBXBuildFile; fileRef = B6A200042FFD4BD7B90F8AC1 /* AppleMusicProvider.swift */; };
		B6A200132FFD4BD7B90F8AC1 /* SpotifyProvider.swift in Sources */ = {isa = PBXBuildFile; fileRef = B6A200052FFD4BD7B90F8AC1 /* SpotifyProvider.swift */; };
		B6A200142FFD4BD7B90F8AC1 /* QQMusicProvider.swift in Sources */ = {isa = PBXBuildFile; fileRef = B6A200062FFD4BD7B90F8AC1 /* QQMusicProvider.swift */; };
		B6A200152FFD4BD7B90F8AC1 /* AppleScriptRunner.swift in Sources */ = {isa = PBXBuildFile; fileRef = B6A200072FFD4BD7B90F8AC1 /* AppleScriptRunner.swift */; };
		B6A200162FFD4BD7B90F8AC1 /* LocalMusicPlayer.swift in Sources */ = {isa = PBXBuildFile; fileRef = B6A200082FFD4BD7B90F8AC1 /* LocalMusicPlayer.swift */; };
		B6A200172FFD4BD7B90F8AC1 /* OnboardingState.swift in Sources */ = {isa = PBXBuildFile; fileRef = B6A200092FFD4BD7B90F8AC1 /* OnboardingState.swift */; };
		B6A200182FFD4BD7B90F8AC1 /* OnboardingFlowView.swift in Sources */ = {isa = PBXBuildFile; fileRef = B6A2000A2FFD4BD7B90F8AC1 /* OnboardingFlowView.swift */; };
		C9E56B409BCB40FCA8485A09 /* LocalMediaPlayer.swift in Sources */ = {isa = PBXBuildFile; fileRef = 05F639B95E5345199E439834 /* LocalMediaPlayer.swift */; };
		D1A1B0010000000000000001 /* PermissionsManager.swift in Sources */ = {isa = PBXBuildFile; fileRef = D1A1B0020000000000000001 /* PermissionsManager.swift */; };
		D1A1B0030000000000000001 /* CalendarManager.swift in Sources */ = {isa = PBXBuildFile; fileRef = D1A1B0040000000000000001 /* CalendarManager.swift */; };
		D1A1B0050000000000000001 /* CalendarView.swift in Sources */ = {isa = PBXBuildFile; fileRef = D1A1B0060000000000000001 /* CalendarView.swift */; };
		D1A1B0070000000000000001 /* TodoItem.swift in Sources */ = {isa = PBXBuildFile; fileRef = D1A1B0080000000000000001 /* TodoItem.swift */; };
		D1A1B0090000000000000001 /* TodoStore.swift in Sources */ = {isa = PBXBuildFile; fileRef = D1A1B00A0000000000000001 /* TodoStore.swift */; };
		D1A1B00B0000000000000001 /* TodoListView.swift in Sources */ = {isa = PBXBuildFile; fileRef = D1A1B00C0000000000000001 /* TodoListView.swift */; };
		D1A1B00D0000000000000001 /* RemindersSync.swift in Sources */ = {isa = PBXBuildFile; fileRef = D1A1B00E0000000000000001 /* RemindersSync.swift */; };
		D1A1B00F0000000000000001 /* SettingsPermissionsView.swift in Sources */ = {isa = PBXBuildFile; fileRef = D1A1B0100000000000000001 /* SettingsPermissionsView.swift */; };
		E7FB0168DAB22D17FF66223F /* AmbientNoiseEngine.swift in Sources */ = {isa = PBXBuildFile; fileRef = C67603580DB6C7C7A08CA894 /* AmbientNoiseEngine.swift */; };
		EC7658622FEE47D78BFEA957 /* DailyStats.swift in Sources */ = {isa = PBXBuildFile; fileRef = 0D409152AD794BA998253C35 /* DailyStats.swift */; };
/* End PBXBuildFile section */

/* Begin PBXFileReference section */
		05F639B95E5345199E439834 /* LocalMediaPlayer.swift */ = {isa = PBXFileReference; lastKnownFileType = sourcecode.swift; path = LocalMediaPlayer.swift; sourceTree = "<group>"; };
		0D409152AD794BA998253C35 /* DailyStats.swift */ = {isa = PBXFileReference; lastKnownFileType = sourcecode.swift; path = DailyStats.swift; sourceTree = "<group>"; };
		36B4A1D0B6904D3B9A1E8353 /* VisualEffectBlur.swift */ = {isa = PBXFileReference; lastKnownFileType = sourcecode.swift; path = VisualEffectBlur.swift; sourceTree = "<group>"; };
		49393474CCC34E2091E176A1 /* WindowBackgroundConfigurator.swift */ = {isa = PBXFileReference; lastKnownFileType = sourcecode.swift; path = WindowBackgroundConfigurator.swift; sourceTree = "<group>"; };
		7C360D382F191F17007313D3 /* Pomodoro.app */ = {isa = PBXFileReference; explicitFileType = wrapper.application; includeInIndex = 0; path = Pomodoro.app; sourceTree = BUILT_PRODUCTS_DIR; };
		7C360D502F191F17007313D3 /* AppState.swift */ = {isa = PBXFileReference; lastKnownFileType = sourcecode.swift; path = AppState.swift; sourceTree = "<group>"; };
		7C360D512F191F17007313D3 /* CountdownTimerEngine.swift */ = {isa = PBXFileReference; lastKnownFileType = sourcecode.swift; path = CountdownTimerEngine.swift; sourceTree = "<group>"; };
		7C360D522F191F17007313D3 /* PomodoroTimerEngine.swift */ = {isa = PBXFileReference; lastKnownFileType = sourcecode.swift; path = PomodoroTimerEngine.swift; sourceTree = "<group>"; };
		7C360D532F191F17007313D3 /* ContentView.swift */ = {isa = PBXFileReference; lastKnownFileType = sourcecode.swift; path = ContentView.swift; sourceTree = "<group>"; };
		7C360D542F191F17007313D3 /* MainWindowView.swift */ = {isa = PBXFileReference; lastKnownFileType = sourcecode.swift; path = MainWindowView.swift; sourceTree = "<group>"; };
		7C360D552F191F17007313D3 /* PomodoroApp.swift */ = {isa = PBXFileReference; lastKnownFileType = sourcecode.swift; path = PomodoroApp.swift; sourceTree = "<group>"; };
		7C360D562F191F17007313D3 /* Assets.xcassets */ = {isa = PBXFileReference; lastKnownFileType = folder.assetcatalog; path = Assets.xcassets; sourceTree = "<group>"; };
		7C360D692F191F17007313D3 /* MenuBarController.swift */ = {isa = PBXFileReference; lastKnownFileType = sourcecode.swift; path = MenuBarController.swift; sourceTree = "<group>"; };
		7C360D6C2F191F17007313D3 /* AppDelegate.swift */ = {isa = PBXFileReference; lastKnownFileType = sourcecode.swift; path = AppDelegate.swift; sourceTree = "<group>"; };
		7C360D6E2F191F17007313D3 /* DurationConfig.swift */ = {isa = PBXFileReference; lastKnownFileType = sourcecode.swift; path = DurationConfig.swift; sourceTree = "<group>"; };
		7C360D702F191F17007313D3 /* TimerState.swift */ = {isa = PBXFileReference; lastKnownFileType = sourcecode.swift; path = TimerState.swift; sourceTree = "<group>"; };
		7C360D722F191F17007313D3 /* Preset.swift */ = {isa = PBXFileReference; lastKnownFileType = sourcecode.swift; path = Preset.swift; sourceTree = "<group>"; };
		7C360D742F191F17007313D3 /* PresetSelection.swift */ = {isa = PBXFileReference; lastKnownFileType = sourcecode.swift; path = PresetSelection.swift; sourceTree = "<group>"; };
		7C360D762F191F17007313D3 /* NotificationPreference.swift */ = {isa = PBXFileReference; lastKnownFileType = sourcecode.swift; path = NotificationPreference.swift; sourceTree = "<group>"; };
		7C360D962F191F17007313D3 /* MusicController.swift */ = {isa = PBXFileReference; lastKnownFileType = sourcecode.swift; path = MusicController.swift; sourceTree = "<group>"; };
		7C360D972F191F17007313D3 /* SystemMediaController.swift */ = {isa = PBXFileReference; lastKnownFileType = sourcecode.swift; path = SystemMediaController.swift; sourceTree = "<group>"; };
		7C360D982F191F17007313D3 /* MusicPanelView.swift */ = {isa = PBXFileReference; lastKnownFileType = sourcecode.swift; path = MusicPanelView.swift; sourceTree = "<group>"; };
		ABFA2AD704BE4758B0A786D8 /* MediaControlBar.swift */ = {isa = PBXFileReference; lastKnownFileType = sourcecode.swift; path = MediaControlBar.swift; sourceTree = "<group>"; };
		B6A200022FFD4BD7B90F8AC1 /* NowPlayingRouter.swift */ = {isa = PBXFileReference; lastKnownFileType = sourcecode.swift; path = NowPlayingRouter.swift; sourceTree = "<group>"; };
		B6A200032FFD4BD7B90F8AC1 /* NowPlayingProvider.swift */ = {isa = PBXFileReference; lastKnownFileType = sourcecode.swift; path = NowPlayingProvider.swift; sourceTree = "<group>"; };
		B6A200042FFD4BD7B90F8AC1 /* AppleMusicProvider.swift */ = {isa = PBXFileReference; lastKnownFileType = sourcecode.swift; path = AppleMusicProvider.swift; sourceTree = "<group>"; };
		B6A200052FFD4BD7B90F8AC1 /* SpotifyProvider.swift */ = {isa = PBXFileReference; lastKnownFileType = sourcecode.swift; path = SpotifyProvider.swift; sourceTree = "<group>"; };
		B6A200062FFD4BD7B90F8AC1 /* QQMusicProvider.swift */ = {isa = PBXFileReference; lastKnownFileType = sourcecode.swift; path = QQMusicProvider.swift; sourceTree = "<group>"; };
		B6A200072FFD4BD7B90F8AC1 /* AppleScriptRunner.swift */ = {isa = PBXFileReference; lastKnownFileType = sourcecode.swift; path = AppleScriptRunner.swift; sourceTree = "<group>"; };
		B6A200082FFD4BD7B90F8AC1 /* LocalMusicPlayer.swift */ = {isa = PBXFileReference; lastKnownFileType = sourcecode.swift; path = LocalMusicPlayer.swift; sourceTree = "<group>"; };
		B6A200092FFD4BD7B90F8AC1 /* OnboardingState.swift */ = {isa = PBXFileReference; lastKnownFileType = sourcecode.swift; path = OnboardingState.swift; sourceTree = "<group>"; };
		B6A2000A2FFD4BD7B90F8AC1 /* OnboardingFlowView.swift */ = {isa = PBXFileReference; lastKnownFileType = sourcecode.swift; path = OnboardingFlowView.swift; sourceTree = "<group>"; };
		C67603580DB6C7C7A08CA894 /* AmbientNoiseEngine.swift */ = {isa = PBXFileReference; lastKnownFileType = sourcecode.swift; path = AmbientNoiseEngine.swift; sourceTree = "<group>"; };
		D1A1B0020000000000000001 /* PermissionsManager.swift */ = {isa = PBXFileReference; lastKnownFileType = sourcecode.swift; path = PermissionsManager.swift; sourceTree = "<group>"; };
		D1A1B0040000000000000001 /* CalendarManager.swift */ = {isa = PBXFileReference; lastKnownFileType = sourcecode.swift; path = CalendarManager.swift; sourceTree = "<group>"; };
		D1A1B0060000000000000001 /* CalendarView.swift */ = {isa = PBXFileReference; lastKnownFileType = sourcecode.swift; path = CalendarView.swift; sourceTree = "<group>"; };
		D1A1B0080000000000000001 /* TodoItem.swift */ = {isa = PBXFileReference; lastKnownFileType = sourcecode.swift; path = TodoItem.swift; sourceTree = "<group>"; };
		D1A1B00A0000000000000001 /* TodoStore.swift */ = {isa = PBXFileReference; lastKnownFileType = sourcecode.swift; path = TodoStore.swift; sourceTree = "<group>"; };
		D1A1B00C0000000000000001 /* TodoListView.swift */ = {isa = PBXFileReference; lastKnownFileType = sourcecode.swift; path = TodoListView.swift; sourceTree = "<group>"; };
		D1A1B00E0000000000000001 /* RemindersSync.swift */ = {isa = PBXFileReference; lastKnownFileType = sourcecode.swift; path = RemindersSync.swift; sourceTree = "<group>"; };
		D1A1B0100000000000000001 /* SettingsPermissionsView.swift */ = {isa = PBXFileReference; lastKnownFileType = sourcecode.swift; path = SettingsPermissionsView.swift; sourceTree = "<group>"; };
/* End PBXFileReference section */

/* Begin PBXFrameworksBuildPhase section */
		7C360D352F191F17007313D3 /* Frameworks */ = {
			isa = PBXFrameworksBuildPhase;
			buildActionMask = 2147483647;
			files = (
			);
			runOnlyForDeploymentPostprocessing = 0;
		};
/* End PBXFrameworksBuildPhase section */

/* Begin PBXGroup section */
		7C360D2F2F191F17007313D3 = {
			isa = PBXGroup;
			children = (
				7C360D3A2F191F17007313D3 /* Pomodoro */,
				7C360D392F191F17007313D3 /* Products */,
			);
			sourceTree = "<group>";
		};
		7C360D392F191F17007313D3 /* Products */ = {
			isa = PBXGroup;
			children = (
				7C360D382F191F17007313D3 /* Pomodoro.app */,
			);
			name = Products;
			sourceTree = "<group>";
		};
		7C360D3A2F191F17007313D3 /* Pomodoro */ = {
			isa = PBXGroup;
			children = (
				7C360D5E2F191F17007313D3 /* App */,
				7C360D9C2F191F17007313D3 /* Music */,
				7C360D5F2F191F17007313D3 /* State */,
				7C360D602F191F17007313D3 /* Timer */,
				7C360D612F191F17007313D3 /* UI */,
				7C360D622F191F17007313D3 /* Assets */,
			);
			path = Pomodoro;
			sourceTree = "<group>";
		};
		7C360D5E2F191F17007313D3 /* App */ = {
			isa = PBXGroup;
			children = (
				7C360D552F191F17007313D3 /* PomodoroApp.swift */,
				7C360D6C2F191F17007313D3 /* AppDelegate.swift */,
				7C360D692F191F17007313D3 /* MenuBarController.swift */,
			);
			name = App;
			sourceTree = "<group>";
		};
		7C360D5F2F191F17007313D3 /* State */ = {
			isa = PBXGroup;
			children = (
				7C360D502F191F17007313D3 /* AppState.swift */,
				0D409152AD794BA998253C35 /* DailyStats.swift */,
				7C360D6E2F191F17007313D3 /* DurationConfig.swift */,
				7C360D762F191F17007313D3 /* NotificationPreference.swift */,
				7C360D722F191F17007313D3 /* Preset.swift */,
				7C360D742F191F17007313D3 /* PresetSelection.swift */,
				7C360D702F191F17007313D3 /* TimerState.swift */,
				B6A200092FFD4BD7B90F8AC1 /* OnboardingState.swift */,
				D1A1B0020000000000000001 /* PermissionsManager.swift */,
				D1A1B0040000000000000001 /* CalendarManager.swift */,
				D1A1B0080000000000000001 /* TodoItem.swift */,
				D1A1B00A0000000000000001 /* TodoStore.swift */,
				D1A1B00E0000000000000001 /* RemindersSync.swift */,
			);
			name = State;
			sourceTree = "<group>";
		};
		7C360D602F191F17007313D3 /* Timer */ = {
			isa = PBXGroup;
			children = (
				7C360D522F191F17007313D3 /* PomodoroTimerEngine.swift */,
				7C360D512F191F17007313D3 /* CountdownTimerEngine.swift */,
			);
			name = Timer;
			sourceTree = "<group>";
		};
		7C360D612F191F17007313D3 /* UI */ = {
			isa = PBXGroup;
			children = (
				7C360D532F191F17007313D3 /* ContentView.swift */,
				7C360D542F191F17007313D3 /* MainWindowView.swift */,
				ABFA2AD704BE4758B0A786D8 /* MediaControlBar.swift */,
				7C360D982F191F17007313D3 /* MusicPanelView.swift */,
				36B4A1D0B6904D3B9A1E8353 /* VisualEffectBlur.swift */,
				49393474CCC34E2091E176A1 /* WindowBackgroundConfigurator.swift */,
				B6A2000A2FFD4BD7B90F8AC1 /* OnboardingFlowView.swift */,
				D1A1B0060000000000000001 /* CalendarView.swift */,
				D1A1B00C0000000000000001 /* TodoListView.swift */,
				D1A1B0100000000000000001 /* SettingsPermissionsView.swift */,
			);
			name = UI;
			sourceTree = "<group>";
		};
		7C360D622F191F17007313D3 /* Assets */ = {
			isa = PBXGroup;
			children = (
				7C360D562F191F17007313D3 /* Assets.xcassets */,
			);
			name = Assets;
			sourceTree = "<group>";
		};
		7C360D9C2F191F17007313D3 /* Music */ = {
			isa = PBXGroup;
			children = (
				05F639B95E5345199E439834 /* LocalMediaPlayer.swift */,
				B6A200082FFD4BD7B90F8AC1 /* LocalMusicPlayer.swift */,
				B6A200022FFD4BD7B90F8AC1 /* NowPlayingRouter.swift */,
				B6A200032FFD4BD7B90F8AC1 /* NowPlayingProvider.swift */,
				B6A200042FFD4BD7B90F8AC1 /* AppleMusicProvider.swift */,
				B6A200052FFD4BD7B90F8AC1 /* SpotifyProvider.swift */,
				B6A200062FFD4BD7B90F8AC1 /* QQMusicProvider.swift */,
				B6A200072FFD4BD7B90F8AC1 /* AppleScriptRunner.swift */,
				7C360D962F191F17007313D3 /* MusicController.swift */,
				7C360D972F191F17007313D3 /* SystemMediaController.swift */,
				C67603580DB6C7C7A08CA894 /* AmbientNoiseEngine.swift */,
			);
			name = Music;
			sourceTree = "<group>";
		};
/* End PBXGroup section */

/* Begin PBXNativeTarget section */
		7C360D372F191F17007313D3 /* Pomodoro */ = {
			isa = PBXNativeTarget;
			buildConfigurationList = 7C360D432F191F17007313D3 /* Build configuration list for PBXNativeTarget "Pomodoro" */;
			buildPhases = (
				7C360D342F191F17007313D3 /* Sources */,
				7C360D352F191F17007313D3 /* Frameworks */,
				7C360D362F191F17007313D3 /* Resources */,
			);
			buildRules = (
			);
			dependencies = (
			);
			name = Pomodoro;
			packageProductDependencies = (
			);
			productName = Pomodoro;
			productReference = 7C360D382F191F17007313D3 /* Pomodoro.app */;
			productType = "com.apple.product-type.application";
		};
/* End PBXNativeTarget section */

/* Begin PBXProject section */
		7C360D302F191F17007313D3 /* Project object */ = {
			isa = PBXProject;
			attributes = {
				BuildIndependentTargetsInParallel = 1;
				LastSwiftUpdateCheck = 2620;
				LastUpgradeCheck = 2620;
				TargetAttributes = {
					7C360D372F191F17007313D3 = {
						CreatedOnToolsVersion = 26.2;
					};
				};
			};
			buildConfigurationList = 7C360D332F191F17007313D3 /* Build configuration list for PBXProject "Pomodoro" */;
			developmentRegion = en;
			hasScannedForEncodings = 0;
			knownRegions = (
				en,
				Base,
			);
			mainGroup = 7C360D2F2F191F17007313D3;
			minimizedProjectReferenceProxies = 1;
			preferredProjectObjectVersion = 77;
			productRefGroup = 7C360D392F191F17007313D3 /* Products */;
			projectDirPath = "";
			projectRoot = "";
			targets = (
				7C360D372F191F17007313D3 /* Pomodoro */,
			);
		};
/* End PBXProject section */

/* Begin PBXResourcesBuildPhase section */
		7C360D362F191F17007313D3 /* Resources */ = {
			isa = PBXResourcesBuildPhase;
			buildActionMask = 2147483647;
			files = (
				7C360D5D2F191F17007313D3 /* Assets.xcassets in Resources */,
			);
			runOnlyForDeploymentPostprocessing = 0;
		};
/* End PBXResourcesBuildPhase section */

/* Begin PBXSourcesBuildPhase section */
		7C360D342F191F17007313D3 /* Sources */ = {
			isa = PBXSourcesBuildPhase;
			buildActionMask = 2147483647;
			files = (
				7C360D5A2F191F17007313D3 /* ContentView.swift in Sources */,
				AB9F279C180740EE9216C649 /* MediaControlBar.swift in Sources */,
				7C360D5B2F191F17007313D3 /* MainWindowView.swift in Sources */,
				7C360D922F191F17007313D3 /* MusicPanelView.swift in Sources */,
				7C360D5C2F191F17007313D3 /* PomodoroApp.swift in Sources */,
				7C360D6B2F191F17007313D3 /* AppDelegate.swift in Sources */,
				7C360D6A2F191F17007313D3 /* MenuBarController.swift in Sources */,
				C9E56B409BCB40FCA8485A09 /* LocalMediaPlayer.swift in Sources */,
				7C360D902F191F17007313D3 /* MusicController.swift in Sources */,
				7C360D912F191F17007313D3 /* SystemMediaController.swift in Sources */,
				E7FB0168DAB22D17FF66223F /* AmbientNoiseEngine.swift in Sources */,
				7C360D572F191F17007313D3 /* AppState.swift in Sources */,
				EC7658622FEE47D78BFEA957 /* DailyStats.swift in Sources */,
				7C360D6D2F191F17007313D3 /* DurationConfig.swift in Sources */,
				7C360D752F191F17007313D3 /* NotificationPreference.swift in Sources */,
				7C360D712F191F17007313D3 /* Preset.swift in Sources */,
				7C360D732F191F17007313D3 /* PresetSelection.swift in Sources */,
				7C360D6F2F191F17007313D3 /* TimerState.swift in Sources */,
				7C360D582F191F17007313D3 /* CountdownTimerEngine.swift in Sources */,
				7C360D592F191F17007313D3 /* PomodoroTimerEngine.swift in Sources */,
				815B35241A15471083A7F5C2 /* VisualEffectBlur.swift in Sources */,
				0406D042B8164EA2B18986C1 /* WindowBackgroundConfigurator.swift in Sources */,
				B6A200102FFD4BD7B90F8AC1 /* NowPlayingRouter.swift in Sources */,
				B6A200112FFD4BD7B90F8AC1 /* NowPlayingProvider.swift in Sources */,
				B6A200122FFD4BD7B90F8AC1 /* AppleMusicProvider.swift in Sources */,
				B6A200132FFD4BD7B90F8AC1 /* SpotifyProvider.swift in Sources */,
				B6A200142FFD4BD7B90F8AC1 /* QQMusicProvider.swift in Sources */,
				B6A200152FFD4BD7B90F8AC1 /* AppleScriptRunner.swift in Sources */,
				B6A200162FFD4BD7B90F8AC1 /* LocalMusicPlayer.swift in Sources */,
				B6A200172FFD4BD7B90F8AC1 /* OnboardingState.swift in Sources */,
				B6A200182FFD4BD7B90F8AC1 /* OnboardingFlowView.swift in Sources */,
				D1A1B0010000000000000001 /* PermissionsManager.swift in Sources */,
				D1A1B0030000000000000001 /* CalendarManager.swift in Sources */,
				D1A1B0050000000000000001 /* CalendarView.swift in Sources */,
				D1A1B0070000000000000001 /* TodoItem.swift in Sources */,
				D1A1B0090000000000000001 /* TodoStore.swift in Sources */,
				D1A1B00B0000000000000001 /* TodoListView.swift in Sources */,
				D1A1B00D0000000000000001 /* RemindersSync.swift in Sources */,
				D1A1B00F0000000000000001 /* SettingsPermissionsView.swift in Sources */,
			);
			runOnlyForDeploymentPostprocessing = 0;
		};
/* End PBXSourcesBuildPhase section */

/* Begin XCBuildConfiguration section */
		7C360D412F191F17007313D3 /* Debug */ = {
			isa = XCBuildConfiguration;
			buildSettings = {
				ALWAYS_SEARCH_USER_PATHS = NO;
				ASSETCATALOG_COMPILER_GENERATE_SWIFT_ASSET_SYMBOL_EXTENSIONS = YES;
				CLANG_ANALYZER_NONNULL = YES;
				CLANG_ANALYZER_NUMBER_OBJECT_CONVERSION = YES_AGGRESSIVE;
				CLANG_CXX_LANGUAGE_STANDARD = "gnu++20";
				CLANG_ENABLE_MODULES = YES;
				CLANG_ENABLE_OBJC_ARC = YES;
				CLANG_ENABLE_OBJC_WEAK = YES;
				CLANG_WARN_BLOCK_CAPTURE_AUTORELEASING = YES;
				CLANG_WARN_BOOL_CONVERSION = YES;
				CLANG_WARN_COMMA = YES;
				CLANG_WARN_CONSTANT_CONVERSION = YES;
				CLANG_WARN_DEPRECATED_OBJC_IMPLEMENTATIONS = YES;
				CLANG_WARN_DIRECT_OBJC_ISA_USAGE = YES_ERROR;
				CLANG_WARN_DOCUMENTATION_COMMENTS = YES;
				CLANG_WARN_EMPTY_BODY = YES;
				CLANG_WARN_ENUM_CONVERSION = YES;
				CLANG_WARN_INFINITE_RECURSION = YES;
				CLANG_WARN_INT_CONVERSION = YES;
				CLANG_WARN_NON_LITERAL_NULL_CONVERSION = YES;
				CLANG_WARN_OBJC_IMPLICIT_RETAIN_SELF = YES;
				CLANG_WARN_OBJC_LITERAL_CONVERSION = YES;
				CLANG_WARN_OBJC_ROOT_CLASS = YES_ERROR;
				CLANG_WARN_QUOTED_INCLUDE_IN_FRAMEWORK_HEADER = YES;
				CLANG_WARN_RANGE_LOOP_ANALYSIS = YES;
				CLANG_WARN_STRICT_PROTOTYPES = YES;
				CLANG_WARN_SUSPICIOUS_MOVE = YES;
				CLANG_WARN_UNGUARDED_AVAILABILITY = YES_AGGRESSIVE;
				CLANG_WARN_UNREACHABLE_CODE = YES;
				CLANG_WARN__DUPLICATE_METHOD_MATCH = YES;
				COPY_PHASE_STRIP = NO;
				DEBUG_INFORMATION_FORMAT = dwarf;
				ENABLE_STRICT_OBJC_MSGSEND = YES;
				ENABLE_TESTABILITY = YES;
				ENABLE_USER_SCRIPT_SANDBOXING = YES;
				GCC_C_LANGUAGE_STANDARD = gnu17;
				GCC_DYNAMIC_NO_PIC = NO;
				GCC_NO_COMMON_BLOCKS = YES;
				GCC_OPTIMIZATION_LEVEL = 0;
				GCC_PREPROCESSOR_DEFINITIONS = (
					"DEBUG=1",
					"$(inherited)",
				);
				GCC_WARN_64_TO_32_BIT_CONVERSION = YES;
				GCC_WARN_ABOUT_RETURN_TYPE = YES_ERROR;
				GCC_WARN_UNDECLARED_SELECTOR = YES;
				GCC_WARN_UNINITIALIZED_AUTOS = YES_AGGRESSIVE;
				GCC_WARN_UNUSED_FUNCTION = YES;
				GCC_WARN_UNUSED_VARIABLE = YES;
				LOCALIZATION_PREFERS_STRING_CATALOGS = YES;
				MACOSX_DEPLOYMENT_TARGET = 15.6;
				MTL_ENABLE_DEBUG_INFO = INCLUDE_SOURCE;
				MTL_FAST_MATH = YES;
				ONLY_ACTIVE_ARCH = YES;
				SDKROOT = macosx;
				SWIFT_ACTIVE_COMPILATION_CONDITIONS = "DEBUG $(inherited)";
				SWIFT_OPTIMIZATION_LEVEL = "-Onone";
			};
			name = Debug;
		};
		7C360D422F191F17007313D3 /* Release */ = {
			isa = XCBuildConfiguration;
			buildSettings = {
				ALWAYS_SEARCH_USER_PATHS = NO;
				ASSETCATALOG_COMPILER_GENERATE_SWIFT_ASSET_SYMBOL_EXTENSIONS = YES;
				CLANG_ANALYZER_NONNULL = YES;
				CLANG_ANALYZER_NUMBER_OBJECT_CONVERSION = YES_AGGRESSIVE;
				CLANG_CXX_LANGUAGE_STANDARD = "gnu++20";
				CLANG_ENABLE_MODULES = YES;
				CLANG_ENABLE_OBJC_ARC = YES;
				CLANG_ENABLE_OBJC_WEAK = YES;
				CLANG_WARN_BLOCK_CAPTURE_AUTORELEASING = YES;
				CLANG_WARN_BOOL_CONVERSION = YES;
				CLANG_WARN_COMMA = YES;
				CLANG_WARN_CONSTANT_CONVERSION = YES;
				CLANG_WARN_DEPRECATED_OBJC_IMPLEMENTATIONS = YES;
				CLANG_WARN_DIRECT_OBJC_ISA_USAGE = YES_ERROR;
				CLANG_WARN_DOCUMENTATION_COMMENTS = YES;
				CLANG_WARN_EMPTY_BODY = YES;
				CLANG_WARN_ENUM_CONVERSION = YES;
				CLANG_WARN_INFINITE_RECURSION = YES;
				CLANG_WARN_INT_CONVERSION = YES;
				CLANG_WARN_NON_LITERAL_NULL_CONVERSION = YES;
				CLANG_WARN_OBJC_IMPLICIT_RETAIN_SELF = YES;
				CLANG_WARN_OBJC_LITERAL_CONVERSION = YES;
				CLANG_WARN_OBJC_ROOT_CLASS = YES_ERROR;
				CLANG_WARN_QUOTED_INCLUDE_IN_FRAMEWORK_HEADER = YES;
				CLANG_WARN_RANGE_LOOP_ANALYSIS = YES;
				CLANG_WARN_STRICT_PROTOTYPES = YES;
				CLANG_WARN_SUSPICIOUS_MOVE = YES;
				CLANG_WARN_UNGUARDED_AVAILABILITY = YES_AGGRESSIVE;
				CLANG_WARN_UNREACHABLE_CODE = YES;
				CLANG_WARN__DUPLICATE_METHOD_MATCH = YES;
				COPY_PHASE_STRIP = NO;
				DEBUG_INFORMATION_FORMAT = "dwarf-with-dsym";
				ENABLE_NS_ASSERTIONS = NO;
				ENABLE_STRICT_OBJC_MSGSEND = YES;
				ENABLE_USER_SCRIPT_SANDBOXING = YES;
				GCC_C_LANGUAGE_STANDARD = gnu17;
				GCC_NO_COMMON_BLOCKS = YES;
				GCC_WARN_64_TO_32_BIT_CONVERSION = YES;
				GCC_WARN_ABOUT_RETURN_TYPE = YES_ERROR;
				GCC_WARN_UNDECLARED_SELECTOR = YES;
				GCC_WARN_UNINITIALIZED_AUTOS = YES_AGGRESSIVE;
				GCC_WARN_UNUSED_FUNCTION = YES;
				GCC_WARN_UNUSED_VARIABLE = YES;
				LOCALIZATION_PREFERS_STRING_CATALOGS = YES;
				MACOSX_DEPLOYMENT_TARGET = 15.6;
				MTL_ENABLE_DEBUG_INFO = NO;
				MTL_FAST_MATH = YES;
				SDKROOT = macosx;
				SWIFT_COMPILATION_MODE = wholemodule;
			};
			name = Release;
		};
		7C360D442F191F17007313D3 /* Debug */ = {
			isa = XCBuildConfiguration;
			buildSettings = {
				ASSETCATALOG_COMPILER_APPICON_NAME = AppIcon;
				ASSETCATALOG_COMPILER_GLOBAL_ACCENT_COLOR_NAME = AccentColor;
				ASSETCATALOG_COMPILER_INCLUDE_ALL_APPICON_ASSETS = NO;
				AUTOMATION_APPLE_EVENTS = NO;
				"CODE_SIGN_IDENTITY[sdk=macosx*]" = "-";
				CODE_SIGN_STYLE = Automatic;
				COMBINE_HIDPI_IMAGES = YES;
				CURRENT_PROJECT_VERSION = 1;
				ENABLE_APP_SANDBOX = YES;
				ENABLE_HARDENED_RUNTIME = YES;
				ENABLE_INCOMING_NETWORK_CONNECTIONS = NO;
				ENABLE_OUTGOING_NETWORK_CONNECTIONS = NO;
				ENABLE_PREVIEWS = YES;
				ENABLE_RESOURCE_ACCESS_AUDIO_INPUT = NO;
				ENABLE_RESOURCE_ACCESS_BLUETOOTH = NO;
				ENABLE_RESOURCE_ACCESS_CALENDARS = YES;
				ENABLE_RESOURCE_ACCESS_CAMERA = NO;
				ENABLE_RESOURCE_ACCESS_CONTACTS = NO;
				ENABLE_RESOURCE_ACCESS_LOCATION = NO;
				ENABLE_RESOURCE_ACCESS_PHOTO_LIBRARY = NO;
				ENABLE_RESOURCE_ACCESS_PRINTING = NO;
				ENABLE_RESOURCE_ACCESS_USB = NO;
				ENABLE_USER_SELECTED_FILES = readonly;
				GENERATE_INFOPLIST_FILE = YES;
				INFOPLIST_KEY_LSApplicationCategoryType = "public.app-category.productivity";
				INFOPLIST_KEY_NSCalendarsUsageDescription = "Allow access to read your calendars for scheduling.";
				INFOPLIST_KEY_NSHumanReadableCopyright = "";
				INFOPLIST_KEY_NSRemindersUsageDescription = "Allow access to sync your reminders and tasks.";
				INFOPLIST_KEY_NSUserNotificationUsageDescription = "Allow notifications so we can alert you about timers and reminders.";
				LD_RUNPATH_SEARCH_PATHS = (
					"$(inherited)",
					"@executable_path/../Frameworks",
				);
				MACOSX_DEPLOYMENT_TARGET = 14.6;
				MARKETING_VERSION = 1.0.0;
				PRODUCT_BUNDLE_IDENTIFIER = dev.pomodoro.Pomodoro;
				PRODUCT_NAME = "$(TARGET_NAME)";
				REGISTER_APP_GROUPS = YES;
				RUNTIME_EXCEPTION_ALLOW_DYLD_ENVIRONMENT_VARIABLES = NO;
				RUNTIME_EXCEPTION_ALLOW_JIT = NO;
				RUNTIME_EXCEPTION_ALLOW_UNSIGNED_EXECUTABLE_MEMORY = NO;
				RUNTIME_EXCEPTION_DEBUGGING_TOOL = NO;
				RUNTIME_EXCEPTION_DISABLE_EXECUTABLE_PAGE_PROTECTION = NO;
				RUNTIME_EXCEPTION_DISABLE_LIBRARY_VALIDATION = NO;
				STRING_CATALOG_GENERATE_SYMBOLS = YES;
				SWIFT_APPROACHABLE_CONCURRENCY = YES;
				SWIFT_DEFAULT_ACTOR_ISOLATION = MainActor;
				SWIFT_EMIT_LOC_STRINGS = YES;
				SWIFT_UPCOMING_FEATURE_MEMBER_IMPORT_VISIBILITY = YES;
				SWIFT_VERSION = 5.0;
			};
			name = Debug;
		};
		7C360D452F191F17007313D3 /* Release */ = {
			isa = XCBuildConfiguration;
			buildSettings = {
				ASSETCATALOG_COMPILER_APPICON_NAME = AppIcon;
				ASSETCATALOG_COMPILER_GLOBAL_ACCENT_COLOR_NAME = AccentColor;
				ASSETCATALOG_COMPILER_INCLUDE_ALL_APPICON_ASSETS = NO;
				AUTOMATION_APPLE_EVENTS = NO;
				"CODE_SIGN_IDENTITY[sdk=macosx*]" = "-";
				CODE_SIGN_STYLE = Automatic;
				COMBINE_HIDPI_IMAGES = YES;
				CURRENT_PROJECT_VERSION = 1;
				ENABLE_APP_SANDBOX = YES;
				ENABLE_HARDENED_RUNTIME = YES;
				ENABLE_INCOMING_NETWORK_CONNECTIONS = NO;
				ENABLE_OUTGOING_NETWORK_CONNECTIONS = NO;
				ENABLE_PREVIEWS = YES;
				ENABLE_RESOURCE_ACCESS_AUDIO_INPUT = NO;
				ENABLE_RESOURCE_ACCESS_BLUETOOTH = NO;
				ENABLE_RESOURCE_ACCESS_CALENDARS = YES;
				ENABLE_RESOURCE_ACCESS_CAMERA = NO;
				ENABLE_RESOURCE_ACCESS_CONTACTS = NO;
				ENABLE_RESOURCE_ACCESS_LOCATION = NO;
				ENABLE_RESOURCE_ACCESS_PHOTO_LIBRARY = NO;
				ENABLE_RESOURCE_ACCESS_PRINTING = NO;
				ENABLE_RESOURCE_ACCESS_USB = NO;
				ENABLE_USER_SELECTED_FILES = readonly;
				GENERATE_INFOPLIST_FILE = YES;
				INFOPLIST_KEY_LSApplicationCategoryType = "public.app-category.productivity";
				INFOPLIST_KEY_NSCalendarsUsageDescription = "Allow access to read your calendars for scheduling.";
				INFOPLIST_KEY_NSHumanReadableCopyright = "";
				INFOPLIST_KEY_NSRemindersUsageDescription = "Allow access to sync your reminders and tasks.";
				INFOPLIST_KEY_NSUserNotificationUsageDescription = "Allow notifications so we can alert you about timers and reminders.";
				LD_RUNPATH_SEARCH_PATHS = (
					"$(inherited)",
					"@executable_path/../Frameworks",
				);
				MACOSX_DEPLOYMENT_TARGET = 14.6;
				MARKETING_VERSION = 1.0.0;
				PRODUCT_BUNDLE_IDENTIFIER = dev.pomodoro.Pomodoro;
				PRODUCT_NAME = "$(TARGET_NAME)";
				REGISTER_APP_GROUPS = YES;
				RUNTIME_EXCEPTION_ALLOW_DYLD_ENVIRONMENT_VARIABLES = NO;
				RUNTIME_EXCEPTION_ALLOW_JIT = NO;
				RUNTIME_EXCEPTION_ALLOW_UNSIGNED_EXECUTABLE_MEMORY = NO;
				RUNTIME_EXCEPTION_DEBUGGING_TOOL = NO;
				RUNTIME_EXCEPTION_DISABLE_EXECUTABLE_PAGE_PROTECTION = NO;
				RUNTIME_EXCEPTION_DISABLE_LIBRARY_VALIDATION = NO;
				STRING_CATALOG_GENERATE_SYMBOLS = YES;
				SWIFT_APPROACHABLE_CONCURRENCY = YES;
				SWIFT_DEFAULT_ACTOR_ISOLATION = MainActor;
				SWIFT_EMIT_LOC_STRINGS = YES;
				SWIFT_UPCOMING_FEATURE_MEMBER_IMPORT_VISIBILITY = YES;
				SWIFT_VERSION = 5.0;
			};
			name = Release;
		};
/* End XCBuildConfiguration section */

/* Begin XCConfigurationList section */
		7C360D332F191F17007313D3 /* Build configuration list for PBXProject "Pomodoro" */ = {
			isa = XCConfigurationList;
			buildConfigurations = (
				7C360D412F191F17007313D3 /* Debug */,
				7C360D422F191F17007313D3 /* Release */,
			);
			defaultConfigurationIsVisible = 0;
			defaultConfigurationName = Release;
		};
		7C360D432F191F17007313D3 /* Build configuration list for PBXNativeTarget "Pomodoro" */ = {
			isa = XCConfigurationList;
			buildConfigurations = (
				7C360D442F191F17007313D3 /* Debug */,
				7C360D452F191F17007313D3 /* Release */,
			);
			defaultConfigurationIsVisible = 0;
			defaultConfigurationName = Release;
		};
/* End XCConfigurationList section */
	};
	rootObject = 7C360D302F191F17007313D3 /* Project object */;
}
